<?xml version="1.0" encoding="utf-8"?>
<Project ToolsVersion="4.0" xmlns="http://schemas.microsoft.com/developer/msbuild/2003">
  <ItemGroup>
    <Filter Include="Quelldateien">
      <UniqueIdentifier>{4FC737F1-C7A5-4376-A066-2A32D752A2FF}</UniqueIdentifier>
      <Extensions>cpp;c;cc;cxx;c++;cppm;ixx;def;odl;idl;hpj;bat;asm;asmx</Extensions>
    </Filter>
    <Filter Include="Headerdateien">
      <UniqueIdentifier>{93995380-89BD-4b04-88EB-625FBE52EBFB}</UniqueIdentifier>
      <Extensions>h;hh;hpp;hxx;h++;hm;inl;inc;ipp;xsd</Extensions>
    </Filter>
    <Filter Include="Ressourcendateien">
      <UniqueIdentifier>{67DA6AB6-F800-4c08-8B7A-83BB121AAD01}</UniqueIdentifier>
      <Extensions>rc;ico;cur;bmp;dlg;rc2;rct;bin;rgs;gif;jpg;jpeg;jpe;resx;tiff;tif;png;wav;mfcribbon-ms</Extensions>
    </Filter>
  </ItemGroup>
  <ItemGroup>
    <ClCompile Include="Main.cpp">
      <Filter>Quelldateien</Filter>
    </ClCompile>
    <ClCompile Include="Day01.cpp">
      <Filter>Quelldateien</Filter>
    </ClCompile>
    <ClCompile Include="Day03.cpp">
      <Filter>Quelldateien</Filter>
    </ClCompile>
    <ClCompile Include="Day02.cpp">
      <Filter>Quelldateien</Filter>
    </ClCompile>
    <ClCompile Include="Day04.cpp">
      <Filter>Quelldateien</Filter>
    </ClCompile>
    <ClCompile Include="Day05.cpp">
      <Filter>Quelldateien</Filter>
    </ClCompile>
    <ClCompile Include="Day07.cpp">
      <Filter>Quelldateien</Filter>
    </ClCompile>
    <ClCompile Include="Day09.cpp">
      <Filter>Quelldateien</Filter>
    </ClCompile>
    <ClCompile Include="Day08.cpp">
      <Filter>Quelldateien</Filter>
    </ClCompile>
    <ClCompile Include="Dayxx.cpp">
      <Filter>Quelldateien</Filter>
    </ClCompile>
    <ClCompile Include="Day10.cpp">
      <Filter>Quelldateien</Filter>
    </ClCompile>
    <ClCompile Include="Day06.cpp">
      <Filter>Quelldateien</Filter>
    </ClCompile>
    <ClCompile Include="Day11.cpp">
      <Filter>Quelldateien</Filter>
    </ClCompile>
    <ClCompile Include="Day12.cpp">
      <Filter>Quelldateien</Filter>
    </ClCompile>
    <ClCompile Include="Day14.cpp">
      <Filter>Quelldateien</Filter>
    </ClCompile>
    <ClCompile Include="Day15.cpp">
      <Filter>Quelldateien</Filter>
    </ClCompile>
  </ItemGroup>
  <ItemGroup>
    <ClInclude Include="Day09.h">
      <Filter>Headerdateien</Filter>
    </ClInclude>
    <ClInclude Include="Day08.h">
      <Filter>Headerdateien</Filter>
    </ClInclude>
    <ClInclude Include="Dayxx.h">
      <Filter>Headerdateien</Filter>
    </ClInclude>
    <ClInclude Include="Day01.h">
      <Filter>Headerdateien</Filter>
    </ClInclude>
    <ClInclude Include="Day02.h">
      <Filter>Headerdateien</Filter>
    </ClInclude>
    <ClInclude Include="Day03.h">
      <Filter>Headerdateien</Filter>
    </ClInclude>
    <ClInclude Include="Day04.h">
      <Filter>Headerdateien</Filter>
    </ClInclude>
    <ClInclude Include="Day05.h">
      <Filter>Headerdateien</Filter>
    </ClInclude>
    <ClInclude Include="Day06.h">
      <Filter>Headerdateien</Filter>
    </ClInclude>
    <ClInclude Include="Day07.h">
      <Filter>Headerdateien</Filter>
    </ClInclude>
    <ClInclude Include="Day10.h">
      <Filter>Headerdateien</Filter>
    </ClInclude>
    <ClInclude Include="Day11.h">
      <Filter>Headerdateien</Filter>
    </ClInclude>
    <ClInclude Include="Day12.h">
      <Filter>Headerdateien</Filter>
    </ClInclude>
    <ClInclude Include="Day14.h">
      <Filter>Headerdateien</Filter>
    </ClInclude>
    <ClInclude Include="Day15.h">
      <Filter>Headerdateien</Filter>
    </ClInclude>
  </ItemGroup>
  <ItemGroup>
    <Text Include="Day01_Test.txt">
      <Filter>Ressourcendateien</Filter>
    </Text>
    <Text Include="Day01_Input.txt">
      <Filter>Ressourcendateien</Filter>
    </Text>
    <Text Include="Day02_Test.txt">
      <Filter>Ressourcendateien</Filter>
    </Text>
    <Text Include="Day02_Input.txt">
      <Filter>Ressourcendateien</Filter>
    </Text>
    <Text Include="Day03_Test.txt">
      <Filter>Ressourcendateien</Filter>
    </Text>
    <Text Include="Day03_Input.txt">
      <Filter>Ressourcendateien</Filter>
    </Text>
    <Text Include="Day04_Test.txt">
      <Filter>Ressourcendateien</Filter>
    </Text>
    <Text Include="Day04_Input.txt">
      <Filter>Ressourcendateien</Filter>
    </Text>
    <Text Include="Day05_Test.txt">
      <Filter>Ressourcendateien</Filter>
    </Text>
    <Text Include="Day05_Input.txt">
      <Filter>Ressourcendateien</Filter>
    </Text>
    <Text Include="Day06_Test.txt">
      <Filter>Ressourcendateien</Filter>
    </Text>
    <Text Include="Day06_Input.txt">
      <Filter>Ressourcendateien</Filter>
    </Text>
    <Text Include="Day07_Test.txt">
      <Filter>Ressourcendateien</Filter>
    </Text>
    <Text Include="Day07_Input.txt">
      <Filter>Ressourcendateien</Filter>
    </Text>
    <Text Include="Day08_Test.txt">
      <Filter>Ressourcendateien</Filter>
    </Text>
    <Text Include="Day08_Input.txt">
      <Filter>Ressourcendateien</Filter>
    </Text>
    <Text Include="Day09_Test.txt">
      <Filter>Ressourcendateien</Filter>
    </Text>
    <Text Include="Day09_Input.txt">
      <Filter>Ressourcendateien</Filter>
    </Text>
    <Text Include="Day10_Test.txt">
      <Filter>Ressourcendateien</Filter>
    </Text>
    <Text Include="Day10_Input.txt">
      <Filter>Ressourcendateien</Filter>
    </Text>
    <Text Include="Day11_Input.txt">
      <Filter>Ressourcendateien</Filter>
    </Text>
    <Text Include="Day11_Test.txt">
      <Filter>Ressourcendateien</Filter>
    </Text>
    <Text Include="Day12_Test.txt">
      <Filter>Ressourcendateien</Filter>
    </Text>
    <Text Include="Day12_Input.txt">
      <Filter>Ressourcendateien</Filter>
    </Text>
    <Text Include="Day13_Test.txt">
      <Filter>Ressourcendateien</Filter>
    </Text>
    <Text Include="Day13_Input.txt">
      <Filter>Ressourcendateien</Filter>
    </Text>
    <Text Include="Day14_Test.txt">
      <Filter>Ressourcendateien</Filter>
    </Text>
    <Text Include="Day14_Input.txt">
      <Filter>Ressourcendateien</Filter>
    </Text>
    <Text Include="Day15_Test.txt">
      <Filter>Ressourcendateien</Filter>
    </Text>
    <Text Include="Day15_Input.txt">
      <Filter>Ressourcendateien</Filter>
    </Text>
  </ItemGroup>
</Project>